
Microsoft Visual Studio Solution File, Format Version 12.00
# Visual Studio Version 16
VisualStudioVersion = 25.0.1706.0
MinimumVisualStudioVersion = 10.0.40219.1
Project("{FAE04EC0-301F-11D3-BF4B-00C04F79EFBC}") = "web", "web\web.csproj", "{913457F8-0DB0-4FDD-B7D4-F6C56CB9C1CE}"
EndProject
Project("{FAE04EC0-301F-11D3-BF4B-00C04F79EFBC}") = "web.tests", "web.tests\web.tests.csproj", "{93429263-9509-4969-A712-52326B5A23C5}"
EndProject
Global
	GlobalSection(SolutionConfigurationPlatforms) = preSolution
		Debug|Any CPU = Debug|Any CPU
		Release|Any CPU = Release|Any CPU
	EndGlobalSection
	GlobalSection(ProjectConfigurationPlatforms) = postSolution
		{913457F8-0DB0-4FDD-B7D4-F6C56CB9C1CE}.Debug|Any CPU.ActiveCfg = Debug|Any CPU
		{913457F8-0DB0-4FDD-B7D4-F6C56CB9C1CE}.Debug|Any CPU.Build.0 = Debug|Any CPU
		{913457F8-0DB0-4FDD-B7D4-F6C56CB9C1CE}.Release|Any CPU.ActiveCfg = Release|Any CPU
		{913457F8-0DB0-4FDD-B7D4-F6C56CB9C1CE}.Release|Any CPU.Build.0 = Release|Any CPU
		{93429263-9509-4969-A712-52326B5A23C5}.Debug|Any CPU.ActiveCfg = Debug|Any CPU
		{93429263-9509-4969-A712-52326B5A23C5}.Debug|Any CPU.Build.0 = Debug|Any CPU
		{93429263-9509-4969-A712-52326B5A23C5}.Release|Any CPU.ActiveCfg = Release|Any CPU
		{93429263-9509-4969-A712-52326B5A23C5}.Release|Any CPU.Build.0 = Release|Any CPU
	EndGlobalSection
	GlobalSection(SolutionProperties) = preSolution
		HideSolutionNode = FALSE
	EndGlobalSection
	GlobalSection(ExtensibilityGlobals) = postSolution
		SolutionGuid = {51783D92-7CFD-43C2-8F18-DA8F00C42B6F}
	EndGlobalSection
EndGlobal
